
Microsoft Visual Studio Solution File, Format Version 12.00
# Visual Studio Version 17
VisualStudioVersion = 17.11.35327.3
MinimumVisualStudioVersion = 10.0.40219.1
Project("{8BC9CEB8-8B4A-11D0-8D11-00A0C91BC942}") = "ITCS2550_RGaravaglia_Week1Assignment", "ITCS2550_RGaravaglia_Week1Assignment\ITCS2550_RGaravaglia_Week1Assignment.vcxproj", "{8918B7EE-472E-463D-A35A-A223A16DC81D}"
EndProject
Global
	GlobalSection(SolutionConfigurationPlatforms) = preSolution
		Debug|x64 = Debug|x64
		Debug|x86 = Debug|x86
		Release|x64 = Release|x64
		Release|x86 = Release|x86
	EndGlobalSection
	GlobalSection(ProjectConfigurationPlatforms) = postSolution
		{8918B7EE-472E-463D-A35A-A223A16DC81D}.Debug|x64.ActiveCfg = Debug|x64
		{8918B7EE-472E-463D-A35A-A223A16DC81D}.Debug|x64.Build.0 = Debug|x64
		{8918B7EE-472E-463D-A35A-A223A16DC81D}.Debug|x86.ActiveCfg = Debug|Win32
		{8918B7EE-472E-463D-A35A-A223A16DC81D}.Debug|x86.Build.0 = Debug|Win32
		{8918B7EE-472E-463D-A35A-A223A16DC81D}.Release|x64.ActiveCfg = Release|x64
		{8918B7EE-472E-463D-A35A-A223A16DC81D}.Release|x64.Build.0 = Release|x64
		{8918B7EE-472E-463D-A35A-A223A16DC81D}.Release|x86.ActiveCfg = Release|Win32
		{8918B7EE-472E-463D-A35A-A223A16DC81D}.Release|x86.Build.0 = Release|Win32
	EndGlobalSection
	GlobalSection(SolutionProperties) = preSolution
		HideSolutionNode = FALSE
	EndGlobalSection
	GlobalSection(ExtensibilityGlobals) = postSolution
		SolutionGuid = {FC30F092-E439-430B-859B-C31F54D02A1D}
	EndGlobalSection
EndGlobal
